// !$*UTF8*$!
{
	archiveVersion = 1;
	classes = {
	};
	objectVersion = 46;
	objects = {

/* Begin PBXBuildFile section */
		FDBAB27618DC1DD80051E5A1 /* Foundation.framework in Frameworks */ = {isa = PBXBuildFile; fileRef = FDBAB27518DC1DD80051E5A1 /* Foundation.framework */; };
		FDBAB27818DC1DD80051E5A1 /* CoreGraphics.framework in Frameworks */ = {isa = PBXBuildFile; fileRef = FDBAB27718DC1DD80051E5A1 /* CoreGraphics.framework */; };
		FDBAB27A18DC1DD80051E5A1 /* UIKit.framework in Frameworks */ = {isa = PBXBuildFile; fileRef = FDBAB27918DC1DD80051E5A1 /* UIKit.framework */; };
		FDBAB28018DC1DD80051E5A1 /* InfoPlist.strings in Resources */ = {isa = PBXBuildFile; fileRef = FDBAB27E18DC1DD80051E5A1 /* InfoPlist.strings */; };
		FDBAB28218DC1DD80051E5A1 /* main.m in Sources */ = {isa = PBXBuildFile; fileRef = FDBAB28118DC1DD80051E5A1 /* main.m */; };
		FDBAB28618DC1DD80051E5A1 /* AppDelegate.m in Sources */ = {isa = PBXBuildFile; fileRef = FDBAB28518DC1DD80051E5A1 /* AppDelegate.m */; };
		FDBAB28818DC1DD80051E5A1 /* Images.xcassets in Resources */ = {isa = PBXBuildFile; fileRef = FDBAB28718DC1DD80051E5A1 /* Images.xcassets */; };
		FDBAB28F18DC1DD80051E5A1 /* XCTest.framework in Frameworks */ = {isa = PBXBuildFile; fileRef = FDBAB28E18DC1DD80051E5A1 /* XCTest.framework */; };
		FDBAB29018DC1DD80051E5A1 /* Foundation.framework in Frameworks */ = {isa = PBXBuildFile; fileRef = FDBAB27518DC1DD80051E5A1 /* Foundation.framework */; };
		FDBAB29118DC1DD80051E5A1 /* UIKit.framework in Frameworks */ = {isa = PBXBuildFile; fileRef = FDBAB27918DC1DD80051E5A1 /* UIKit.framework */; };
		FDBAB29918DC1DD80051E5A1 /* InfoPlist.strings in Resources */ = {isa = PBXBuildFile; fileRef = FDBAB29718DC1DD80051E5A1 /* InfoPlist.strings */; };
		FDBAB29B18DC1DD80051E5A1 /* NSDateCommonMethodDemoTests.m in Sources */ = {isa = PBXBuildFile; fileRef = FDBAB29A18DC1DD80051E5A1 /* NSDateCommonMethodDemoTests.m */; };
		FDBAB2A718DC1E290051E5A1 /* NSDate+CommonMethod.m in Sources */ = {isa = PBXBuildFile; fileRef = FDBAB2A618DC1E290051E5A1 /* NSDate+CommonMethod.m */; };
/* End PBXBuildFile section */

/* Begin PBXContainerItemProxy section */
		FDBAB29218DC1DD80051E5A1 /* PBXContainerItemProxy */ = {
			isa = PBXContainerItemProxy;
			containerPortal = FDBAB26A18DC1DD80051E5A1 /* Project object */;
			proxyType = 1;
			remoteGlobalIDString = FDBAB27118DC1DD80051E5A1;
			remoteInfo = NSDateCommonMethodDemo;
		};
/* End PBXContainerItemProxy section */

/* Begin PBXFileReference section */
		FDBAB27218DC1DD80051E5A1 /* NSDateCommonMethodDemo.app */ = {isa = PBXFileReference; explicitFileType = wrapper.application; includeInIndex = 0; path = NSDateCommonMethodDemo.app; sourceTree = BUILT_PRODUCTS_DIR; };
		FDBAB27518DC1DD80051E5A1 /* Foundation.framework */ = {isa = PBXFileReference; lastKnownFileType = wrapper.framework; name = Foundation.framework; path = System/Library/Frameworks/Foundation.framework; sourceTree = SDKROOT; };
		FDBAB27718DC1DD80051E5A1 /* CoreGraphics.framework */ = {isa = PBXFileReference; lastKnownFileType = wrapper.framework; name = CoreGraphics.framework; path = System/Library/Frameworks/CoreGraphics.framework; sourceTree = SDKROOT; };
		FDBAB27918DC1DD80051E5A1 /* UIKit.framework */ = {isa = PBXFileReference; lastKnownFileType = wrapper.framework; name = UIKit.framework; path = System/Library/Frameworks/UIKit.framework; sourceTree = SDKROOT; };
		FDBAB27D18DC1DD80051E5A1 /* NSDateCommonMethodDemo-Info.plist */ = {isa = PBXFileReference; lastKnownFileType = text.plist.xml; path = "NSDateCommonMethodDemo-Info.plist"; sourceTree = "<group>"; };
		FDBAB27F18DC1DD80051E5A1 /* en */ = {isa = PBXFileReference; lastKnownFileType = text.plist.strings; name = en; path = en.lproj/InfoPlist.strings; sourceTree = "<group>"; };
		FDBAB28118DC1DD80051E5A1 /* main.m */ = {isa = PBXFileReference; lastKnownFileType = sourcecode.c.objc; path = main.m; sourceTree = "<group>"; };
		FDBAB28318DC1DD80051E5A1 /* NSDateCommonMethodDemo-Prefix.pch */ = {isa = PBXFileReference; lastKnownFileType = sourcecode.c.h; path = "NSDateCommonMethodDemo-Prefix.pch"; sourceTree = "<group>"; };
		FDBAB28418DC1DD80051E5A1 /* AppDelegate.h */ = {isa = PBXFileReference; lastKnownFileType = sourcecode.c.h; path = AppDelegate.h; sourceTree = "<group>"; };
		FDBAB28518DC1DD80051E5A1 /* AppDelegate.m */ = {isa = PBXFileReference; lastKnownFileType = sourcecode.c.objc; path = AppDelegate.m; sourceTree = "<group>"; };
		FDBAB28718DC1DD80051E5A1 /* Images.xcassets */ = {isa = PBXFileReference; lastKnownFileType = folder.assetcatalog; path = Images.xcassets; sourceTree = "<group>"; };
		FDBAB28D18DC1DD80051E5A1 /* NSDateCommonMethodDemoTests.xctest */ = {isa = PBXFileReference; explicitFileType = wrapper.cfbundle; includeInIndex = 0; path = NSDateCommonMethodDemoTests.xctest; sourceTree = BUILT_PRODUCTS_DIR; };
		FDBAB28E18DC1DD80051E5A1 /* XCTest.framework */ = {isa = PBXFileReference; lastKnownFileType = wrapper.framework; name = XCTest.framework; path = Library/Frameworks/XCTest.framework; sourceTree = DEVELOPER_DIR; };
		FDBAB29618DC1DD80051E5A1 /* NSDateCommonMethodDemoTests-Info.plist */ = {isa = PBXFileReference; lastKnownFileType = text.plist.xml; path = "NSDateCommonMethodDemoTests-Info.plist"; sourceTree = "<group>"; };
		FDBAB29818DC1DD80051E5A1 /* en */ = {isa = PBXFileReference; lastKnownFileType = text.plist.strings; name = en; path = en.lproj/InfoPlist.strings; sourceTree = "<group>"; };
		FDBAB29A18DC1DD80051E5A1 /* NSDateCommonMethodDemoTests.m */ = {isa = PBXFileReference; lastKnownFileType = sourcecode.c.objc; path = NSDateCommonMethodDemoTests.m; sourceTree = "<group>"; };
		FDBAB2A518DC1E290051E5A1 /* NSDate+CommonMethod.h */ = {isa = PBXFileReference; fileEncoding = 4; lastKnownFileType = sourcecode.c.h; path = "NSDate+CommonMethod.h"; sourceTree = "<group>"; };
		FDBAB2A618DC1E290051E5A1 /* NSDate+CommonMethod.m */ = {isa = PBXFileReference; fileEncoding = 4; lastKnownFileType = sourcecode.c.objc; path = "NSDate+CommonMethod.m"; sourceTree = "<group>"; };
/* End PBXFileReference section */

/* Begin PBXFrameworksBuildPhase section */
		FDBAB26F18DC1DD80051E5A1 /* Frameworks */ = {
			isa = PBXFrameworksBuildPhase;
			buildActionMask = 2147483647;
			files = (
				FDBAB27818DC1DD80051E5A1 /* CoreGraphics.framework in Frameworks */,
				FDBAB27A18DC1DD80051E5A1 /* UIKit.framework in Frameworks */,
				FDBAB27618DC1DD80051E5A1 /* Foundation.framework in Frameworks */,
			);
			runOnlyForDeploymentPostprocessing = 0;
		};
		FDBAB28A18DC1DD80051E5A1 /* Frameworks */ = {
			isa = PBXFrameworksBuildPhase;
			buildActionMask = 2147483647;
			files = (
				FDBAB28F18DC1DD80051E5A1 /* XCTest.framework in Frameworks */,
				FDBAB29118DC1DD80051E5A1 /* UIKit.framework in Frameworks */,
				FDBAB29018DC1DD80051E5A1 /* Foundation.framework in Frameworks */,
			);
			runOnlyForDeploymentPostprocessing = 0;
		};
/* End PBXFrameworksBuildPhase section */

/* Begin PBXGroup section */
		FDBAB26918DC1DD80051E5A1 = {
			isa = PBXGroup;
			children = (
				FDBAB2A418DC1E080051E5A1 /* NSDateCommonMethod */,
				FDBAB27B18DC1DD80051E5A1 /* NSDateCommonMethodDemo */,
				FDBAB29418DC1DD80051E5A1 /* NSDateCommonMethodDemoTests */,
				FDBAB27418DC1DD80051E5A1 /* Frameworks */,
				FDBAB27318DC1DD80051E5A1 /* Products */,
			);
			sourceTree = "<group>";
		};
		FDBAB27318DC1DD80051E5A1 /* Products */ = {
			isa = PBXGroup;
			children = (
				FDBAB27218DC1DD80051E5A1 /* NSDateCommonMethodDemo.app */,
				FDBAB28D18DC1DD80051E5A1 /* NSDateCommonMethodDemoTests.xctest */,
			);
			name = Products;
			sourceTree = "<group>";
		};
		FDBAB27418DC1DD80051E5A1 /* Frameworks */ = {
			isa = PBXGroup;
			children = (
				FDBAB27518DC1DD80051E5A1 /* Foundation.framework */,
				FDBAB27718DC1DD80051E5A1 /* CoreGraphics.framework */,
				FDBAB27918DC1DD80051E5A1 /* UIKit.framework */,
				FDBAB28E18DC1DD80051E5A1 /* XCTest.framework */,
			);
			name = Frameworks;
			sourceTree = "<group>";
		};
		FDBAB27B18DC1DD80051E5A1 /* NSDateCommonMethodDemo */ = {
			isa = PBXGroup;
			children = (
				FDBAB28418DC1DD80051E5A1 /* AppDelegate.h */,
				FDBAB28518DC1DD80051E5A1 /* AppDelegate.m */,
				FDBAB28718DC1DD80051E5A1 /* Images.xcassets */,
				FDBAB27C18DC1DD80051E5A1 /* Supporting Files */,
			);
			path = NSDateCommonMethodDemo;
			sourceTree = "<group>";
		};
		FDBAB27C18DC1DD80051E5A1 /* Supporting Files */ = {
			isa = PBXGroup;
			children = (
				FDBAB27D18DC1DD80051E5A1 /* NSDateCommonMethodDemo-Info.plist */,
				FDBAB27E18DC1DD80051E5A1 /* InfoPlist.strings */,
				FDBAB28118DC1DD80051E5A1 /* main.m */,
				FDBAB28318DC1DD80051E5A1 /* NSDateCommonMethodDemo-Prefix.pch */,
			);
			name = "Supporting Files";
			sourceTree = "<group>";
		};
		FDBAB29418DC1DD80051E5A1 /* NSDateCommonMethodDemoTests */ = {
			isa = PBXGroup;
			children = (
				FDBAB29A18DC1DD80051E5A1 /* NSDateCommonMethodDemoTests.m */,
				FDBAB29518DC1DD80051E5A1 /* Supporting Files */,
			);
			path = NSDateCommonMethodDemoTests;
			sourceTree = "<group>";
		};
		FDBAB29518DC1DD80051E5A1 /* Supporting Files */ = {
			isa = PBXGroup;
			children = (
				FDBAB29618DC1DD80051E5A1 /* NSDateCommonMethodDemoTests-Info.plist */,
				FDBAB29718DC1DD80051E5A1 /* InfoPlist.strings */,
			);
			name = "Supporting Files";
			sourceTree = "<group>";
		};
		FDBAB2A418DC1E080051E5A1 /* NSDateCommonMethod */ = {
			isa = PBXGroup;
			children = (
				FDBAB2A518DC1E290051E5A1 /* NSDate+CommonMethod.h */,
				FDBAB2A618DC1E290051E5A1 /* NSDate+CommonMethod.m */,
			);
			path = NSDateCommonMethod;
			sourceTree = "<group>";
		};
/* End PBXGroup section */

/* Begin PBXNativeTarget section */
		FDBAB27118DC1DD80051E5A1 /* NSDateCommonMethodDemo */ = {
			isa = PBXNativeTarget;
			buildConfigurationList = FDBAB29E18DC1DD80051E5A1 /* Build configuration list for PBXNativeTarget "NSDateCommonMethodDemo" */;
			buildPhases = (
				FDBAB26E18DC1DD80051E5A1 /* Sources */,
				FDBAB26F18DC1DD80051E5A1 /* Frameworks */,
				FDBAB27018DC1DD80051E5A1 /* Resources */,
			);
			buildRules = (
			);
			dependencies = (
			);
			name = NSDateCommonMethodDemo;
			productName = NSDateCommonMethodDemo;
			productReference = FDBAB27218DC1DD80051E5A1 /* NSDateCommonMethodDemo.app */;
			productType = "com.apple.product-type.application";
		};
		FDBAB28C18DC1DD80051E5A1 /* NSDateCommonMethodDemoTests */ = {
			isa = PBXNativeTarget;
			buildConfigurationList = FDBAB2A118DC1DD80051E5A1 /* Build configuration list for PBXNativeTarget "NSDateCommonMethodDemoTests" */;
			buildPhases = (
				FDBAB28918DC1DD80051E5A1 /* Sources */,
				FDBAB28A18DC1DD80051E5A1 /* Frameworks */,
				FDBAB28B18DC1DD80051E5A1 /* Resources */,
			);
			buildRules = (
			);
			dependencies = (
				FDBAB29318DC1DD80051E5A1 /* PBXTargetDependency */,
			);
			name = NSDateCommonMethodDemoTests;
			productName = NSDateCommonMethodDemoTests;
			productReference = FDBAB28D18DC1DD80051E5A1 /* NSDateCommonMethodDemoTests.xctest */;
			productType = "com.apple.product-type.bundle.unit-test";
		};
/* End PBXNativeTarget section */

/* Begin PBXProject section */
		FDBAB26A18DC1DD80051E5A1 /* Project object */ = {
			isa = PBXProject;
			attributes = {
				LastUpgradeCheck = 0500;
				ORGANIZATIONNAME = Foocaa;
				TargetAttributes = {
					FDBAB28C18DC1DD80051E5A1 = {
						TestTargetID = FDBAB27118DC1DD80051E5A1;
					};
				};
			};
			buildConfigurationList = FDBAB26D18DC1DD80051E5A1 /* Build configuration list for PBXProject "NSDateCommonMethodDemo" */;
			compatibilityVersion = "Xcode 3.2";
			developmentRegion = English;
			hasScannedForEncodings = 0;
			knownRegions = (
				en,
			);
			mainGroup = FDBAB26918DC1DD80051E5A1;
			productRefGroup = FDBAB27318DC1DD80051E5A1 /* Products */;
			projectDirPath = "";
			projectRoot = "";
			targets = (
				FDBAB27118DC1DD80051E5A1 /* NSDateCommonMethodDemo */,
				FDBAB28C18DC1DD80051E5A1 /* NSDateCommonMethodDemoTests */,
			);
		};
/* End PBXProject section */

/* Begin PBXResourcesBuildPhase section */
		FDBAB27018DC1DD80051E5A1 /* Resources */ = {
			isa = PBXResourcesBuildPhase;
			buildActionMask = 2147483647;
			files = (
				FDBAB28018DC1DD80051E5A1 /* InfoPlist.strings in Resources */,
				FDBAB28818DC1DD80051E5A1 /* Images.xcassets in Resources */,
			);
			runOnlyForDeploymentPostprocessing = 0;
		};
		FDBAB28B18DC1DD80051E5A1 /* Resources */ = {
			isa = PBXResourcesBuildPhase;
			buildActionMask = 2147483647;
			files = (
				FDBAB29918DC1DD80051E5A1 /* InfoPlist.strings in Resources */,
			);
			runOnlyForDeploymentPostprocessing = 0;
		};
/* End PBXResourcesBuildPhase section */

/* Begin PBXSourcesBuildPhase section */
		FDBAB26E18DC1DD80051E5A1 /* Sources */ = {
			isa = PBXSourcesBuildPhase;
			buildActionMask = 2147483647;
			files = (
				FDBAB2A718DC1E290051E5A1 /* NSDate+CommonMethod.m in Sources */,
				FDBAB28618DC1DD80051E5A1 /* AppDelegate.m in Sources */,
				FDBAB28218DC1DD80051E5A1 /* main.m in Sources */,
			);
			runOnlyForDeploymentPostprocessing = 0;
		};
		FDBAB28918DC1DD80051E5A1 /* Sources */ = {
			isa = PBXSourcesBuildPhase;
			buildActionMask = 2147483647;
			files = (
				FDBAB29B18DC1DD80051E5A1 /* NSDateCommonMethodDemoTests.m in Sources */,
			);
			runOnlyForDeploymentPostprocessing = 0;
		};
/* End PBXSourcesBuildPhase section */

/* Begin PBXTargetDependency section */
		FDBAB29318DC1DD80051E5A1 /* PBXTargetDependency */ = {
			isa = PBXTargetDependency;
			target = FDBAB27118DC1DD80051E5A1 /* NSDateCommonMethodDemo */;
			targetProxy = FDBAB29218DC1DD80051E5A1 /* PBXContainerItemProxy */;
		};
/* End PBXTargetDependency section */

/* Begin PBXVariantGroup section */
		FDBAB27E18DC1DD80051E5A1 /* InfoPlist.strings */ = {
			isa = PBXVariantGroup;
			children = (
				FDBAB27F18DC1DD80051E5A1 /* en */,
			);
			name = InfoPlist.strings;
			sourceTree = "<group>";
		};
		FDBAB29718DC1DD80051E5A1 /* InfoPlist.strings */ = {
			isa = PBXVariantGroup;
			children = (
				FDBAB29818DC1DD80051E5A1 /* en */,
			);
			name = InfoPlist.strings;
			sourceTree = "<group>";
		};
/* End PBXVariantGroup section */

/* Begin XCBuildConfiguration section */
		FDBAB29C18DC1DD80051E5A1 /* Debug */ = {
			isa = XCBuildConfiguration;
			buildSettings = {
				ALWAYS_SEARCH_USER_PATHS = NO;
				ARCHS = "$(ARCHS_STANDARD_INCLUDING_64_BIT)";
				CLANG_CXX_LANGUAGE_STANDARD = "gnu++0x";
				CLANG_CXX_LIBRARY = "libc++";
				CLANG_ENABLE_MODULES = YES;
				CLANG_ENABLE_OBJC_ARC = YES;
				CLANG_WARN_BOOL_CONVERSION = YES;
				CLANG_WARN_CONSTANT_CONVERSION = YES;
				CLANG_WARN_DIRECT_OBJC_ISA_USAGE = YES_ERROR;
				CLANG_WARN_EMPTY_BODY = YES;
				CLANG_WARN_ENUM_CONVERSION = YES;
				CLANG_WARN_INT_CONVERSION = YES;
				CLANG_WARN_OBJC_ROOT_CLASS = YES_ERROR;
				CLANG_WARN__DUPLICATE_METHOD_MATCH = YES;
				"CODE_SIGN_IDENTITY[sdk=iphoneos*]" = "iPhone Developer";
				COPY_PHASE_STRIP = NO;
				GCC_C_LANGUAGE_STANDARD = gnu99;
				GCC_DYNAMIC_NO_PIC = NO;
				GCC_OPTIMIZATION_LEVEL = 0;
				GCC_PREPROCESSOR_DEFINITIONS = (
					"DEBUG=1",
					"$(inherited)",
				);
				GCC_SYMBOLS_PRIVATE_EXTERN = NO;
				GCC_WARN_64_TO_32_BIT_CONVERSION = YES;
				GCC_WARN_ABOUT_RETURN_TYPE = YES_ERROR;
				GCC_WARN_UNDECLARED_SELECTOR = YES;
				GCC_WARN_UNINITIALIZED_AUTOS = YES;
				GCC_WARN_UNUSED_FUNCTION = YES;
				GCC_WARN_UNUSED_VARIABLE = YES;
				IPHONEOS_DEPLOYMENT_TARGET = 7.0;
				ONLY_ACTIVE_ARCH = YES;
				SDKROOT = iphoneos;
			};
			name = Debug;
		};
		FDBAB29D18DC1DD80051E5A1 /* Release */ = {
			isa = XCBuildConfiguration;
			buildSettings = {
				ALWAYS_SEARCH_USER_PATHS = NO;
				ARCHS = "$(ARCHS_STANDARD_INCLUDING_64_BIT)";
				CLANG_CXX_LANGUAGE_STANDARD = "gnu++0x";
				CLANG_CXX_LIBRARY = "libc++";
				CLANG_ENABLE_MODULES = YES;
				CLANG_ENABLE_OBJC_ARC = YES;
				CLANG_WARN_BOOL_CONVERSION = YES;
				CLANG_WARN_CONSTANT_CONVERSION = YES;
				CLANG_WARN_DIRECT_OBJC_ISA_USAGE = YES_ERROR;
				CLANG_WARN_EMPTY_BODY = YES;
				CLANG_WARN_ENUM_CONVERSION = YES;
				CLANG_WARN_INT_CONVERSION = YES;
				CLANG_WARN_OBJC_ROOT_CLASS = YES_ERROR;
				CLANG_WARN__DUPLICATE_METHOD_MATCH = YES;
				"CODE_SIGN_IDENTITY[sdk=iphoneos*]" = "iPhone Developer";
				COPY_PHASE_STRIP = YES;
				ENABLE_NS_ASSERTIONS = NO;
				GCC_C_LANGUAGE_STANDARD = gnu99;
				GCC_WARN_64_TO_32_BIT_CONVERSION = YES;
				GCC_WARN_ABOUT_RETURN_TYPE = YES_ERROR;
				GCC_WARN_UNDECLARED_SELECTOR = YES;
				GCC_WARN_UNINITIALIZED_AUTOS = YES;
				GCC_WARN_UNUSED_FUNCTION = YES;
				GCC_WARN_UNUSED_VARIABLE = YES;
				IPHONEOS_DEPLOYMENT_TARGET = 7.0;
				SDKROOT = iphoneos;
				VALIDATE_PRODUCT = YES;
			};
			name = Release;
		};
		FDBAB29F18DC1DD80051E5A1 /* Debug */ = {
			isa = XCBuildConfiguration;
			buildSettings = {
				ASSETCATALOG_COMPILER_APPICON_NAME = AppIcon;
				ASSETCATALOG_COMPILER_LAUNCHIMAGE_NAME = LaunchImage;
				GCC_PRECOMPILE_PREFIX_HEADER = YES;
				GCC_PREFIX_HEADER = "NSDateCommonMethodDemo/NSDateCommonMethodDemo-Prefix.pch";
				INFOPLIST_FILE = "NSDateCommonMethodDemo/NSDateCommonMethodDemo-Info.plist";
				PRODUCT_NAME = "$(TARGET_NAME)";
				WRAPPER_EXTENSION = app;
			};
			name = Debug;
		};
		FDBAB2A018DC1DD80051E5A1 /* Release */ = {
			isa = XCBuildConfiguration;
			buildSettings = {
				ASSETCATALOG_COMPILER_APPICON_NAME = AppIcon;
				ASSETCATALOG_COMPILER_LAUNCHIMAGE_NAME = LaunchImage;
				GCC_PRECOMPILE_PREFIX_HEADER = YES;
				GCC_PREFIX_HEADER = "NSDateCommonMethodDemo/NSDateCommonMethodDemo-Prefix.pch";
				INFOPLIST_FILE = "NSDateCommonMethodDemo/NSDateCommonMethodDemo-Info.plist";
				PRODUCT_NAME = "$(TARGET_NAME)";
				WRAPPER_EXTENSION = app;
			};
			name = Release;
		};
		FDBAB2A218DC1DD80051E5A1 /* Debug */ = {
			isa = XCBuildConfiguration;
			buildSettings = {
				ARCHS = "$(ARCHS_STANDARD_INCLUDING_64_BIT)";
				BUNDLE_LOADER = "$(BUILT_PRODUCTS_DIR)/NSDateCommonMethodDemo.app/NSDateCommonMethodDemo";
				FRAMEWORK_SEARCH_PATHS = (
					"$(SDKROOT)/Developer/Library/Frameworks",
					"$(inherited)",
					"$(DEVELOPER_FRAMEWORKS_DIR)",
				);
				GCC_PRECOMPILE_PREFIX_HEADER = YES;
				GCC_PREFIX_HEADER = "NSDateCommonMethodDemo/NSDateCommonMethodDemo-Prefix.pch";
				GCC_PREPROCESSOR_DEFINITIONS = (
					"DEBUG=1",
					"$(inherited)",
				);
				INFOPLIST_FILE = "NSDateCommonMethodDemoTests/NSDateCommonMethodDemoTests-Info.plist";
				PRODUCT_NAME = "$(TARGET_NAME)";
				TEST_HOST = "$(BUNDLE_LOADER)";
				WRAPPER_EXTENSION = xctest;
			};
			name = Debug;
		};
		FDBAB2A318DC1DD80051E5A1 /* Release */ = {
			isa = XCBuildConfiguration;
			buildSettings = {
				ARCHS = "$(ARCHS_STANDARD_INCLUDING_64_BIT)";
				BUNDLE_LOADER = "$(BUILT_PRODUCTS_DIR)/NSDateCommonMethodDemo.app/NSDateCommonMethodDemo";
				FRAMEWORK_SEARCH_PATHS = (
					"$(SDKROOT)/Developer/Library/Frameworks",
					"$(inherited)",
					"$(DEVELOPER_FRAMEWORKS_DIR)",
				);
				GCC_PRECOMPILE_PREFIX_HEADER = YES;
				GCC_PREFIX_HEADER = "NSDateCommonMethodDemo/NSDateCommonMethodDemo-Prefix.pch";
				INFOPLIST_FILE = "NSDateCommonMethodDemoTests/NSDateCommonMethodDemoTests-Info.plist";
				PRODUCT_NAME = "$(TARGET_NAME)";
				TEST_HOST = "$(BUNDLE_LOADER)";
				WRAPPER_EXTENSION = xctest;
			};
			name = Release;
		};
/* End XCBuildConfiguration section */

/* Begin XCConfigurationList section */
		FDBAB26D18DC1DD80051E5A1 /* Build configuration list for PBXProject "NSDateCommonMethodDemo" */ = {
			isa = XCConfigurationList;
			buildConfigurations = (
				FDBAB29C18DC1DD80051E5A1 /* Debug */,
				FDBAB29D18DC1DD80051E5A1 /* Release */,
			);
			defaultConfigurationIsVisible = 0;
			defaultConfigurationName = Release;
		};
		FDBAB29E18DC1DD80051E5A1 /* Build configuration list for PBXNativeTarget "NSDateCommonMethodDemo" */ = {
			isa = XCConfigurationList;
			buildConfigurations = (
				FDBAB29F18DC1DD80051E5A1 /* Debug */,
				FDBAB2A018DC1DD80051E5A1 /* Release */,
			);
			defaultConfigurationIsVisible = 0;
		};
		FDBAB2A118DC1DD80051E5A1 /* Build configuration list for PBXNativeTarget "NSDateCommonMethodDemoTests" */ = {
			isa = XCConfigurationList;
			buildConfigurations = (
				FDBAB2A218DC1DD80051E5A1 /* Debug */,
				FDBAB2A318DC1DD80051E5A1 /* Release */,
			);
			defaultConfigurationIsVisible = 0;
		};
/* End XCConfigurationList section */
	};
	rootObject = FDBAB26A18DC1DD80051E5A1 /* Project object */;
}
